
Microsoft Visual Studio Solution File, Format Version 12.00
# Visual Studio Version 17
VisualStudioVersion = 17.1.32421.90
MinimumVisualStudioVersion = 10.0.40219.1
Project("{FAE04EC0-301F-11D3-BF4B-00C04F79EFBC}") = "MathDemo", "MathDemo\MathDemo\MathDemo.csproj", "{C5593FB5-A944-48FF-9532-643A0D19ED37}"
EndProject
Project("{FAE04EC0-301F-11D3-BF4B-00C04F79EFBC}") = "MathDemo.Tests", "MathDemo.Tests\MathDemo.Tests.csproj", "{54216FF2-8499-4803-BCF5-F902E3FF5485}"
EndProject
Global
	GlobalSection(SolutionConfigurationPlatforms) = preSolution
		Debug|Any CPU = Debug|Any CPU
		Release|Any CPU = Release|Any CPU
	EndGlobalSection
	GlobalSection(ProjectConfigurationPlatforms) = postSolution
		{C5593FB5-A944-48FF-9532-643A0D19ED37}.Debug|Any CPU.ActiveCfg = Debug|Any CPU
		{C5593FB5-A944-48FF-9532-643A0D19ED37}.Debug|Any CPU.Build.0 = Debug|Any CPU
		{C5593FB5-A944-48FF-9532-643A0D19ED37}.Release|Any CPU.ActiveCfg = Release|Any CPU
		{C5593FB5-A944-48FF-9532-643A0D19ED37}.Release|Any CPU.Build.0 = Release|Any CPU
		{54216FF2-8499-4803-BCF5-F902E3FF5485}.Debug|Any CPU.ActiveCfg = Debug|Any CPU
		{54216FF2-8499-4803-BCF5-F902E3FF5485}.Debug|Any CPU.Build.0 = Debug|Any CPU
		{54216FF2-8499-4803-BCF5-F902E3FF5485}.Release|Any CPU.ActiveCfg = Release|Any CPU
		{54216FF2-8499-4803-BCF5-F902E3FF5485}.Release|Any CPU.Build.0 = Release|Any CPU
	EndGlobalSection
	GlobalSection(SolutionProperties) = preSolution
		HideSolutionNode = FALSE
	EndGlobalSection
	GlobalSection(ExtensibilityGlobals) = postSolution
		SolutionGuid = {81EB69F2-A15E-425E-9C25-A7EF76C843D8}
	EndGlobalSection
EndGlobal
